{
    "_readme": [
        "This file locks the dependencies of your project to a known state",
        "Read more about it at https://getcomposer.org/doc/01-basic-usage.md#installing-dependencies",
        "This file is @generated automatically"
    ],
    "content-hash": "776edab7310df048332048320fcd388a",
    "packages": [
        {
            "name": "lobtao/tp5helper",
            "version": "v0.2.12",
            "source": {
                "type": "git",
                "url": "https://github.com/lobtao/tp5helper.git",
                "reference": "270c1c256411355cc1d350152731a7dbde5e2a3c"
            },
            "dist": {
                "type": "zip",
                "url": "https://files.phpcomposer.com/files/lobtao/tp5helper/270c1c256411355cc1d350152731a7dbde5e2a3c.zip",
                "reference": "270c1c256411355cc1d350152731a7dbde5e2a3c",
                "shasum": ""
            },
            "require": {
                "ext-curl": "*"
            },
            "type": "thinkphp5-helper",
            "autoload": {
                "files": [
                    "src/Helper.php"
                ],
                "psr-4": {
                    "lobtao\\tp5helper\\": "src/"
                }
            },
            "notification-url": "https://packagist.org/downloads/",
            "license": [
                "MIT"
            ],
            "authors": [
                {
                    "name": "lobtao",
                    "email": "lobtao@qq.com"
                }
            ],
            "description": "thinkphp5 helper",
            "keywords": [
                " curl",
                "extension",
                "helper",
                "restful",
                "thinkphp5"
            ],
            "time": "2018-05-18T04:50:10+00:00"
        },
        {
            "name": "lobtao/workermvc",
            "version": "1.0.7",
            "source": {
                "type": "git",
                "url": "https://github.com/lobtao/workermvc.git",
                "reference": "ec27f980c9929d1fde366b3ddc7c97695a7b120a"
            },
            "dist": {
                "type": "zip",
                "url": "https://files.phpcomposer.com/files/lobtao/workermvc/ec27f980c9929d1fde366b3ddc7c97695a7b120a.zip",
                "reference": "ec27f980c9929d1fde366b3ddc7c97695a7b120a",
                "shasum": ""
            },
            "require": {
                "topthink/think-cache": "^1.0",
                "topthink/think-log": "^1.0",
                "topthink/think-orm": "^1.2",
                "topthink/think-template": "^1.0",
                "topthink/think-validate": "^1.0",
                "workerman/workerman": "^3.5"
            },
            "type": "project",
            "autoload": {
                "psr-4": {
                    "workermvc\\": "src"
                }
            },
            "notification-url": "https://packagist.org/downloads/",
            "license": [
                "Apache-2.0"
            ],
            "authors": [
                {
                    "name": "lobtao",
                    "email": "lobtao@qq.com"
                }
            ],
            "description": "the mvc base on workerman",
            "homepage": "http://yssoft.cn/",
            "keywords": [
                "framework",
                "mvc",
                "workerman",
                "workermvc"
            ],
            "time": "2018-06-04T09:58:16+00:00"
        },
        {
            "name": "topthink/think-cache",
            "version": "v1.0",
            "source": {
                "type": "git",
                "url": "https://github.com/top-think/think-cache.git",
                "reference": "7a675a5f19aeb8ab98bdbf2c1a7220a623c9ec52"
            },
            "dist": {
                "type": "zip",
                "url": "https://files.phpcomposer.com/files/top-think/think-cache/7a675a5f19aeb8ab98bdbf2c1a7220a623c9ec52.zip",
                "reference": "7a675a5f19aeb8ab98bdbf2c1a7220a623c9ec52",
                "shasum": ""
            },
            "require": {
                "php": ">=5.6.0"
            },
            "type": "library",
            "autoload": {
                "psr-4": {
                    "think\\": "src"
                },
                "files": []
            },
            "notification-url": "https://packagist.org/downloads/",
            "license": [
                "Apache-2.0"
            ],
            "authors": [
                {
                    "name": "liu21st",
                    "email": "liu21st@gmail.com"
                }
            ],
            "description": "Cache Manager",
            "time": "2018-01-25T06:19:18+00:00"
        },
        {
            "name": "topthink/think-log",
            "version": "v1.0",
            "source": {
                "type": "git",
                "url": "https://github.com/top-think/think-log.git",
                "reference": "42294ad0cd9e29cb26f4265713607e97696d8760"
            },
            "dist": {
                "type": "zip",
                "url": "https://files.phpcomposer.com/files/top-think/think-log/42294ad0cd9e29cb26f4265713607e97696d8760.zip",
                "reference": "42294ad0cd9e29cb26f4265713607e97696d8760",
                "shasum": ""
            },
            "require": {
                "php": ">=5.6.0"
            },
            "type": "library",
            "autoload": {
                "psr-4": {
                    "think\\": "src"
                }
            },
            "notification-url": "https://packagist.org/downloads/",
            "license": [
                "Apache-2.0"
            ],
            "authors": [
                {
                    "name": "liu21st",
                    "email": "liu21st@gmail.com"
                }
            ],
            "description": "think log",
            "time": "2017-12-15T05:34:59+00:00"
        },
        {
            "name": "topthink/think-orm",
            "version": "v1.2.8",
            "source": {
                "type": "git",
                "url": "https://github.com/top-think/think-orm.git",
                "reference": "0faf0fed1fa897cc5836509ca37eafaa46d79b7b"
            },
            "dist": {
                "type": "zip",
                "url": "https://files.phpcomposer.com/files/top-think/think-orm/0faf0fed1fa897cc5836509ca37eafaa46d79b7b.zip",
                "reference": "0faf0fed1fa897cc5836509ca37eafaa46d79b7b",
                "shasum": ""
            },
            "require": {
                "php": ">=5.6.0"
            },
            "type": "library",
            "autoload": {
                "psr-4": {
                    "think\\": "src"
                },
                "files": [
                    "src/config.php"
                ]
            },
            "notification-url": "https://packagist.org/downloads/",
            "license": [
                "Apache-2.0"
            ],
            "authors": [
                {
                    "name": "liu21st",
                    "email": "liu21st@gmail.com"
                }
            ],
            "description": "think orm",
            "time": "2018-06-03T06:55:52+00:00"
        },
        {
            "name": "topthink/think-template",
            "version": "v1.0.1",
            "source": {
                "type": "git",
                "url": "https://github.com/top-think/think-template.git",
                "reference": "4437741ca41fe99452d1b667df242cd8ca63120c"
            },
            "dist": {
                "type": "zip",
                "url": "https://files.phpcomposer.com/files/top-think/think-template/4437741ca41fe99452d1b667df242cd8ca63120c.zip",
                "reference": "4437741ca41fe99452d1b667df242cd8ca63120c",
                "shasum": ""
            },
            "require": {
                "php": ">=5.6.0"
            },
            "type": "library",
            "autoload": {
                "psr-4": {
                    "think\\": "src"
                }
            },
            "notification-url": "https://packagist.org/downloads/",
            "license": [
                "Apache-2.0"
            ],
            "authors": [
                {
                    "name": "liu21st",
                    "email": "liu21st@gmail.com"
                }
            ],
            "description": "the php template engine",
            "time": "2018-04-20T05:41:47+00:00"
        },
        {
            "name": "topthink/think-validate",
            "version": "1.0.1",
            "source": {
                "type": "git",
                "url": "https://github.com/top-think/think-validate.git",
                "reference": "2fd2f1305b0d013f235679bfcb398a37d400b0e5"
            },
            "dist": {
                "type": "zip",
                "url": "https://files.phpcomposer.com/files/top-think/think-validate/2fd2f1305b0d013f235679bfcb398a37d400b0e5.zip",
                "reference": "2fd2f1305b0d013f235679bfcb398a37d400b0e5",
                "shasum": ""
            },
            "require": {
                "php": ">=5.6.0"
            },
            "type": "library",
            "autoload": {
                "psr-4": {
                    "think\\": "src"
                },
                "files": []
            },
            "notification-url": "https://packagist.org/downloads/",
            "license": [
                "Apache-2.0"
            ],
            "authors": [
                {
                    "name": "liu21st",
                    "email": "liu21st@gmail.com"
                }
            ],
            "description": "think validate",
            "time": "2017-11-17T03:58:39+00:00"
        },
        {
            "name": "workerman/workerman",
            "version": "v3.5.9",
            "source": {
                "type": "git",
                "url": "https://github.com/walkor/Workerman.git",
                "reference": "0bf5cf018912286a26bd14e1981dfc060fd98bb0"
            },
            "dist": {
                "type": "zip",
                "url": "https://files.phpcomposer.com/files/walkor/Workerman/0bf5cf018912286a26bd14e1981dfc060fd98bb0.zip",
                "reference": "0bf5cf018912286a26bd14e1981dfc060fd98bb0",
                "shasum": ""
            },
            "require": {
                "php": ">=5.3"
            },
            "suggest": {
                "ext-event": "For better performance. "
            },
            "type": "library",
            "autoload": {
                "psr-4": {
                    "Workerman\\": "./"
                }
            },
            "notification-url": "https://packagist.org/downloads/",
            "license": [
                "MIT"
            ],
            "authors": [
                {
                    "name": "walkor",
                    "email": "walkor@workerman.net",
                    "homepage": "http://www.workerman.net",
                    "role": "Developer"
                }
            ],
            "description": "An asynchronous event driven PHP framework for easily building fast, scalable network applications.",
            "homepage": "http://www.workerman.net",
            "keywords": [
                "asynchronous",
                "event-loop"
            ],
            "time": "2018-05-29T05:40:06+00:00"
        }
    ],
    "packages-dev": [],
    "aliases": [],
    "minimum-stability": "stable",
    "stability-flags": [],
    "prefer-stable": false,
    "prefer-lowest": false,
    "platform": [],
    "platform-dev": []
}
